{
  "name": "sites-conformes",
  "lockfileVersion": 3,
  "requires": true,
  "packages": {
    "": {
      "dependencies": {
        "tarteaucitronjs": "^1.22.0"
      }
    },
    "node_modules/tarteaucitronjs": {
      "version": "1.33.0",
      "resolved": "https://registry.npmjs.org/tarteaucitronjs/-/tarteaucitronjs-1.33.0.tgz",
      "integrity": "sha512-H8tpsH0ssVr1JTE0Tnt+nf+txRH4HQ0Z3pOpPUOST/1X507W1tCE0lAA3tV6CKSDp9pUDln3uC15/mjhVkqbnw=="
    }
  }
}
